
Microsoft Visual Studio Solution File, Format Version 12.00
# Visual Studio 15
VisualStudioVersion = 15.0.28307.136
MinimumVisualStudioVersion = 10.0.40219.1
Project("{FAE04EC0-301F-11D3-BF4B-00C04F79EFBC}") = "AaronsDayStarter.Android", "AaronsDayStarter\AaronsDayStarter.Android\AaronsDayStarter.Android.csproj", "{22C4EB60-9D53-442B-8912-151F2B49661A}"
EndProject
Project("{FAE04EC0-301F-11D3-BF4B-00C04F79EFBC}") = "AaronsDayStarter.iOS", "AaronsDayStarter\AaronsDayStarter.iOS\AaronsDayStarter.iOS.csproj", "{DA8DF417-9A46-41F8-8B91-683937BCD9FF}"
EndProject
Project("{FAE04EC0-301F-11D3-BF4B-00C04F79EFBC}") = "AaronsDayStarter.UWP", "AaronsDayStarter\AaronsDayStarter.UWP\AaronsDayStarter.UWP.csproj", "{CB792566-B4A7-489E-985E-21CFB00B8F69}"
EndProject
Project("{FAE04EC0-301F-11D3-BF4B-00C04F79EFBC}") = "AaronsDayStarter", "AaronsDayStarter\AaronsDayStarter\AaronsDayStarter.csproj", "{52BB1E04-196F-4649-B7EE-5D184431CD4E}"
EndProject
Global
	GlobalSection(SolutionConfigurationPlatforms) = preSolution
		Debug|Any CPU = Debug|Any CPU
		Debug|ARM = Debug|ARM
		Debug|iPhone = Debug|iPhone
		Debug|iPhoneSimulator = Debug|iPhoneSimulator
		Debug|x64 = Debug|x64
		Debug|x86 = Debug|x86
		Release|Any CPU = Release|Any CPU
		Release|ARM = Release|ARM
		Release|iPhone = Release|iPhone
		Release|iPhoneSimulator = Release|iPhoneSimulator
		Release|x64 = Release|x64
		Release|x86 = Release|x86
	EndGlobalSection
	GlobalSection(ProjectConfigurationPlatforms) = postSolution
		{22C4EB60-9D53-442B-8912-151F2B49661A}.Debug|Any CPU.ActiveCfg = Debug|Any CPU
		{22C4EB60-9D53-442B-8912-151F2B49661A}.Debug|Any CPU.Build.0 = Debug|Any CPU
		{22C4EB60-9D53-442B-8912-151F2B49661A}.Debug|Any CPU.Deploy.0 = Debug|Any CPU
		{22C4EB60-9D53-442B-8912-151F2B49661A}.Debug|ARM.ActiveCfg = Debug|Any CPU
		{22C4EB60-9D53-442B-8912-151F2B49661A}.Debug|ARM.Build.0 = Debug|Any CPU
		{22C4EB60-9D53-442B-8912-151F2B49661A}.Debug|ARM.Deploy.0 = Debug|Any CPU
		{22C4EB60-9D53-442B-8912-151F2B49661A}.Debug|iPhone.ActiveCfg = Debug|Any CPU
		{22C4EB60-9D53-442B-8912-151F2B49661A}.Debug|iPhone.Build.0 = Debug|Any CPU
		{22C4EB60-9D53-442B-8912-151F2B49661A}.Debug|iPhone.Deploy.0 = Debug|Any CPU
		{22C4EB60-9D53-442B-8912-151F2B49661A}.Debug|iPhoneSimulator.ActiveCfg = Debug|Any CPU
		{22C4EB60-9D53-442B-8912-151F2B49661A}.Debug|iPhoneSimulator.Build.0 = Debug|Any CPU
		{22C4EB60-9D53-442B-8912-151F2B49661A}.Debug|iPhoneSimulator.Deploy.0 = Debug|Any CPU
		{22C4EB60-9D53-442B-8912-151F2B49661A}.Debug|x64.ActiveCfg = Debug|Any CPU
		{22C4EB60-9D53-442B-8912-151F2B49661A}.Debug|x64.Build.0 = Debug|Any CPU
		{22C4EB60-9D53-442B-8912-151F2B49661A}.Debug|x64.Deploy.0 = Debug|Any CPU
		{22C4EB60-9D53-442B-8912-151F2B49661A}.Debug|x86.ActiveCfg = Debug|Any CPU
		{22C4EB60-9D53-442B-8912-151F2B49661A}.Debug|x86.Build.0 = Debug|Any CPU
		{22C4EB60-9D53-442B-8912-151F2B49661A}.Debug|x86.Deploy.0 = Debug|Any CPU
		{22C4EB60-9D53-442B-8912-151F2B49661A}.Release|Any CPU.ActiveCfg = Release|Any CPU
		{22C4EB60-9D53-442B-8912-151F2B49661A}.Release|Any CPU.Build.0 = Release|Any CPU
		{22C4EB60-9D53-442B-8912-151F2B49661A}.Release|Any CPU.Deploy.0 = Release|Any CPU
		{22C4EB60-9D53-442B-8912-151F2B49661A}.Release|ARM.ActiveCfg = Release|Any CPU
		{22C4EB60-9D53-442B-8912-151F2B49661A}.Release|ARM.Build.0 = Release|Any CPU
		{22C4EB60-9D53-442B-8912-151F2B49661A}.Release|ARM.Deploy.0 = Release|Any CPU
		{22C4EB60-9D53-442B-8912-151F2B49661A}.Release|iPhone.ActiveCfg = Release|Any CPU
		{22C4EB60-9D53-442B-8912-151F2B49661A}.Release|iPhone.Build.0 = Release|Any CPU
		{22C4EB60-9D53-442B-8912-151F2B49661A}.Release|iPhone.Deploy.0 = Release|Any CPU
		{22C4EB60-9D53-442B-8912-151F2B49661A}.Release|iPhoneSimulator.ActiveCfg = Release|Any CPU
		{22C4EB60-9D53-442B-8912-151F2B49661A}.Release|iPhoneSimulator.Build.0 = Release|Any CPU
		{22C4EB60-9D53-442B-8912-151F2B49661A}.Release|iPhoneSimulator.Deploy.0 = Release|Any CPU
		{22C4EB60-9D53-442B-8912-151F2B49661A}.Release|x64.ActiveCfg = Release|Any CPU
		{22C4EB60-9D53-442B-8912-151F2B49661A}.Release|x64.Build.0 = Release|Any CPU
		{22C4EB60-9D53-442B-8912-151F2B49661A}.Release|x64.Deploy.0 = Release|Any CPU
		{22C4EB60-9D53-442B-8912-151F2B49661A}.Release|x86.ActiveCfg = Release|Any CPU
		{22C4EB60-9D53-442B-8912-151F2B49661A}.Release|x86.Build.0 = Release|Any CPU
		{22C4EB60-9D53-442B-8912-151F2B49661A}.Release|x86.Deploy.0 = Release|Any CPU
		{DA8DF417-9A46-41F8-8B91-683937BCD9FF}.Debug|Any CPU.ActiveCfg = Debug|iPhoneSimulator
		{DA8DF417-9A46-41F8-8B91-683937BCD9FF}.Debug|Any CPU.Build.0 = Debug|iPhoneSimulator
		{DA8DF417-9A46-41F8-8B91-683937BCD9FF}.Debug|Any CPU.Deploy.0 = Debug|iPhoneSimulator
		{DA8DF417-9A46-41F8-8B91-683937BCD9FF}.Debug|ARM.ActiveCfg = Debug|iPhone
		{DA8DF417-9A46-41F8-8B91-683937BCD9FF}.Debug|ARM.Build.0 = Debug|iPhone
		{DA8DF417-9A46-41F8-8B91-683937BCD9FF}.Debug|ARM.Deploy.0 = Debug|iPhone
		{DA8DF417-9A46-41F8-8B91-683937BCD9FF}.Debug|iPhone.ActiveCfg = Debug|iPhone
		{DA8DF417-9A46-41F8-8B91-683937BCD9FF}.Debug|iPhone.Build.0 = Debug|iPhone
		{DA8DF417-9A46-41F8-8B91-683937BCD9FF}.Debug|iPhone.Deploy.0 = Debug|iPhone
		{DA8DF417-9A46-41F8-8B91-683937BCD9FF}.Debug|iPhoneSimulator.ActiveCfg = Debug|iPhoneSimulator
		{DA8DF417-9A46-41F8-8B91-683937BCD9FF}.Debug|iPhoneSimulator.Build.0 = Debug|iPhoneSimulator
		{DA8DF417-9A46-41F8-8B91-683937BCD9FF}.Debug|iPhoneSimulator.Deploy.0 = Debug|iPhoneSimulator
		{DA8DF417-9A46-41F8-8B91-683937BCD9FF}.Debug|x64.ActiveCfg = Debug|iPhone
		{DA8DF417-9A46-41F8-8B91-683937BCD9FF}.Debug|x64.Build.0 = Debug|iPhone
		{DA8DF417-9A46-41F8-8B91-683937BCD9FF}.Debug|x64.Deploy.0 = Debug|iPhone
		{DA8DF417-9A46-41F8-8B91-683937BCD9FF}.Debug|x86.ActiveCfg = Debug|iPhone
		{DA8DF417-9A46-41F8-8B91-683937BCD9FF}.Debug|x86.Build.0 = Debug|iPhone
		{DA8DF417-9A46-41F8-8B91-683937BCD9FF}.Debug|x86.Deploy.0 = Debug|iPhone
		{DA8DF417-9A46-41F8-8B91-683937BCD9FF}.Release|Any CPU.ActiveCfg = Release|iPhone
		{DA8DF417-9A46-41F8-8B91-683937BCD9FF}.Release|Any CPU.Build.0 = Release|iPhone
		{DA8DF417-9A46-41F8-8B91-683937BCD9FF}.Release|Any CPU.Deploy.0 = Release|iPhone
		{DA8DF417-9A46-41F8-8B91-683937BCD9FF}.Release|ARM.ActiveCfg = Release|iPhone
		{DA8DF417-9A46-41F8-8B91-683937BCD9FF}.Release|ARM.Build.0 = Release|iPhone
		{DA8DF417-9A46-41F8-8B91-683937BCD9FF}.Release|ARM.Deploy.0 = Release|iPhone
		{DA8DF417-9A46-41F8-8B91-683937BCD9FF}.Release|iPhone.ActiveCfg = Release|iPhone
		{DA8DF417-9A46-41F8-8B91-683937BCD9FF}.Release|iPhone.Build.0 = Release|iPhone
		{DA8DF417-9A46-41F8-8B91-683937BCD9FF}.Release|iPhone.Deploy.0 = Release|iPhone
		{DA8DF417-9A46-41F8-8B91-683937BCD9FF}.Release|iPhoneSimulator.ActiveCfg = Release|iPhoneSimulator
		{DA8DF417-9A46-41F8-8B91-683937BCD9FF}.Release|iPhoneSimulator.Build.0 = Release|iPhoneSimulator
		{DA8DF417-9A46-41F8-8B91-683937BCD9FF}.Release|iPhoneSimulator.Deploy.0 = Release|iPhoneSimulator
		{DA8DF417-9A46-41F8-8B91-683937BCD9FF}.Release|x64.ActiveCfg = Release|iPhone
		{DA8DF417-9A46-41F8-8B91-683937BCD9FF}.Release|x64.Build.0 = Release|iPhone
		{DA8DF417-9A46-41F8-8B91-683937BCD9FF}.Release|x64.Deploy.0 = Release|iPhone
		{DA8DF417-9A46-41F8-8B91-683937BCD9FF}.Release|x86.ActiveCfg = Release|iPhone
		{DA8DF417-9A46-41F8-8B91-683937BCD9FF}.Release|x86.Build.0 = Release|iPhone
		{DA8DF417-9A46-41F8-8B91-683937BCD9FF}.Release|x86.Deploy.0 = Release|iPhone
		{CB792566-B4A7-489E-985E-21CFB00B8F69}.Debug|Any CPU.ActiveCfg = Debug|x86
		{CB792566-B4A7-489E-985E-21CFB00B8F69}.Debug|Any CPU.Build.0 = Debug|x86
		{CB792566-B4A7-489E-985E-21CFB00B8F69}.Debug|Any CPU.Deploy.0 = Debug|x86
		{CB792566-B4A7-489E-985E-21CFB00B8F69}.Debug|ARM.ActiveCfg = Debug|ARM
		{CB792566-B4A7-489E-985E-21CFB00B8F69}.Debug|ARM.Build.0 = Debug|ARM
		{CB792566-B4A7-489E-985E-21CFB00B8F69}.Debug|ARM.Deploy.0 = Debug|ARM
		{CB792566-B4A7-489E-985E-21CFB00B8F69}.Debug|iPhone.ActiveCfg = Debug|x86
		{CB792566-B4A7-489E-985E-21CFB00B8F69}.Debug|iPhone.Build.0 = Debug|x86
		{CB792566-B4A7-489E-985E-21CFB00B8F69}.Debug|iPhone.Deploy.0 = Debug|x86
		{CB792566-B4A7-489E-985E-21CFB00B8F69}.Debug|iPhoneSimulator.ActiveCfg = Debug|x86
		{CB792566-B4A7-489E-985E-21CFB00B8F69}.Debug|iPhoneSimulator.Build.0 = Debug|x86
		{CB792566-B4A7-489E-985E-21CFB00B8F69}.Debug|iPhoneSimulator.Deploy.0 = Debug|x86
		{CB792566-B4A7-489E-985E-21CFB00B8F69}.Debug|x64.ActiveCfg = Debug|x64
		{CB792566-B4A7-489E-985E-21CFB00B8F69}.Debug|x64.Build.0 = Debug|x64
		{CB792566-B4A7-489E-985E-21CFB00B8F69}.Debug|x64.Deploy.0 = Debug|x64
		{CB792566-B4A7-489E-985E-21CFB00B8F69}.Debug|x86.ActiveCfg = Debug|x86
		{CB792566-B4A7-489E-985E-21CFB00B8F69}.Debug|x86.Build.0 = Debug|x86
		{CB792566-B4A7-489E-985E-21CFB00B8F69}.Debug|x86.Deploy.0 = Debug|x86
		{CB792566-B4A7-489E-985E-21CFB00B8F69}.Release|Any CPU.ActiveCfg = Release|x86
		{CB792566-B4A7-489E-985E-21CFB00B8F69}.Release|Any CPU.Build.0 = Release|x86
		{CB792566-B4A7-489E-985E-21CFB00B8F69}.Release|Any CPU.Deploy.0 = Release|x86
		{CB792566-B4A7-489E-985E-21CFB00B8F69}.Release|ARM.ActiveCfg = Release|ARM
		{CB792566-B4A7-489E-985E-21CFB00B8F69}.Release|ARM.Build.0 = Release|ARM
		{CB792566-B4A7-489E-985E-21CFB00B8F69}.Release|ARM.Deploy.0 = Release|ARM
		{CB792566-B4A7-489E-985E-21CFB00B8F69}.Release|iPhone.ActiveCfg = Release|x86
		{CB792566-B4A7-489E-985E-21CFB00B8F69}.Release|iPhone.Build.0 = Release|x86
		{CB792566-B4A7-489E-985E-21CFB00B8F69}.Release|iPhone.Deploy.0 = Release|x86
		{CB792566-B4A7-489E-985E-21CFB00B8F69}.Release|iPhoneSimulator.ActiveCfg = Release|x86
		{CB792566-B4A7-489E-985E-21CFB00B8F69}.Release|iPhoneSimulator.Build.0 = Release|x86
		{CB792566-B4A7-489E-985E-21CFB00B8F69}.Release|iPhoneSimulator.Deploy.0 = Release|x86
		{CB792566-B4A7-489E-985E-21CFB00B8F69}.Release|x64.ActiveCfg = Release|x64
		{CB792566-B4A7-489E-985E-21CFB00B8F69}.Release|x64.Build.0 = Release|x64
		{CB792566-B4A7-489E-985E-21CFB00B8F69}.Release|x64.Deploy.0 = Release|x64
		{CB792566-B4A7-489E-985E-21CFB00B8F69}.Release|x86.ActiveCfg = Release|x86
		{CB792566-B4A7-489E-985E-21CFB00B8F69}.Release|x86.Build.0 = Release|x86
		{CB792566-B4A7-489E-985E-21CFB00B8F69}.Release|x86.Deploy.0 = Release|x86
		{52BB1E04-196F-4649-B7EE-5D184431CD4E}.Debug|Any CPU.ActiveCfg = Debug|Any CPU
		{52BB1E04-196F-4649-B7EE-5D184431CD4E}.Debug|Any CPU.Build.0 = Debug|Any CPU
		{52BB1E04-196F-4649-B7EE-5D184431CD4E}.Debug|Any CPU.Deploy.0 = Debug|Any CPU
		{52BB1E04-196F-4649-B7EE-5D184431CD4E}.Debug|ARM.ActiveCfg = Debug|Any CPU
		{52BB1E04-196F-4649-B7EE-5D184431CD4E}.Debug|ARM.Build.0 = Debug|Any CPU
		{52BB1E04-196F-4649-B7EE-5D184431CD4E}.Debug|ARM.Deploy.0 = Debug|Any CPU
		{52BB1E04-196F-4649-B7EE-5D184431CD4E}.Debug|iPhone.ActiveCfg = Debug|Any CPU
		{52BB1E04-196F-4649-B7EE-5D184431CD4E}.Debug|iPhone.Build.0 = Debug|Any CPU
		{52BB1E04-196F-4649-B7EE-5D184431CD4E}.Debug|iPhone.Deploy.0 = Debug|Any CPU
		{52BB1E04-196F-4649-B7EE-5D184431CD4E}.Debug|iPhoneSimulator.ActiveCfg = Debug|Any CPU
		{52BB1E04-196F-4649-B7EE-5D184431CD4E}.Debug|iPhoneSimulator.Build.0 = Debug|Any CPU
		{52BB1E04-196F-4649-B7EE-5D184431CD4E}.Debug|iPhoneSimulator.Deploy.0 = Debug|Any CPU
		{52BB1E04-196F-4649-B7EE-5D184431CD4E}.Debug|x64.ActiveCfg = Debug|Any CPU
		{52BB1E04-196F-4649-B7EE-5D184431CD4E}.Debug|x64.Build.0 = Debug|Any CPU
		{52BB1E04-196F-4649-B7EE-5D184431CD4E}.Debug|x64.Deploy.0 = Debug|Any CPU
		{52BB1E04-196F-4649-B7EE-5D184431CD4E}.Debug|x86.ActiveCfg = Debug|Any CPU
		{52BB1E04-196F-4649-B7EE-5D184431CD4E}.Debug|x86.Build.0 = Debug|Any CPU
		{52BB1E04-196F-4649-B7EE-5D184431CD4E}.Debug|x86.Deploy.0 = Debug|Any CPU
		{52BB1E04-196F-4649-B7EE-5D184431CD4E}.Release|Any CPU.ActiveCfg = Release|Any CPU
		{52BB1E04-196F-4649-B7EE-5D184431CD4E}.Release|Any CPU.Build.0 = Release|Any CPU
		{52BB1E04-196F-4649-B7EE-5D184431CD4E}.Release|Any CPU.Deploy.0 = Release|Any CPU
		{52BB1E04-196F-4649-B7EE-5D184431CD4E}.Release|ARM.ActiveCfg = Release|Any CPU
		{52BB1E04-196F-4649-B7EE-5D184431CD4E}.Release|ARM.Build.0 = Release|Any CPU
		{52BB1E04-196F-4649-B7EE-5D184431CD4E}.Release|ARM.Deploy.0 = Release|Any CPU
		{52BB1E04-196F-4649-B7EE-5D184431CD4E}.Release|iPhone.ActiveCfg = Release|Any CPU
		{52BB1E04-196F-4649-B7EE-5D184431CD4E}.Release|iPhone.Build.0 = Release|Any CPU
		{52BB1E04-196F-4649-B7EE-5D184431CD4E}.Release|iPhone.Deploy.0 = Release|Any CPU
		{52BB1E04-196F-4649-B7EE-5D184431CD4E}.Release|iPhoneSimulator.ActiveCfg = Release|Any CPU
		{52BB1E04-196F-4649-B7EE-5D184431CD4E}.Release|iPhoneSimulator.Build.0 = Release|Any CPU
		{52BB1E04-196F-4649-B7EE-5D184431CD4E}.Release|iPhoneSimulator.Deploy.0 = Release|Any CPU
		{52BB1E04-196F-4649-B7EE-5D184431CD4E}.Release|x64.ActiveCfg = Release|Any CPU
		{52BB1E04-196F-4649-B7EE-5D184431CD4E}.Release|x64.Build.0 = Release|Any CPU
		{52BB1E04-196F-4649-B7EE-5D184431CD4E}.Release|x64.Deploy.0 = Release|Any CPU
		{52BB1E04-196F-4649-B7EE-5D184431CD4E}.Release|x86.ActiveCfg = Release|Any CPU
		{52BB1E04-196F-4649-B7EE-5D184431CD4E}.Release|x86.Build.0 = Release|Any CPU
		{52BB1E04-196F-4649-B7EE-5D184431CD4E}.Release|x86.Deploy.0 = Release|Any CPU
	EndGlobalSection
	GlobalSection(SolutionProperties) = preSolution
		HideSolutionNode = FALSE
	EndGlobalSection
	GlobalSection(ExtensibilityGlobals) = postSolution
		SolutionGuid = {9C6551D9-08F8-42B3-8642-6A96FB3AF229}
	EndGlobalSection
EndGlobal
